
Microsoft Visual Studio Solution File, Format Version 12.00
# Visual Studio Version 16
VisualStudioVersion = 16.0.31424.327
MinimumVisualStudioVersion = 10.0.40219.1
Project("{FAE04EC0-301F-11D3-BF4B-00C04F79EFBC}") = "CompanyX", "CompanyX\CompanyX.csproj", "{F22C0BC9-BB69-4428-BBC2-BD0346D84B9D}"
EndProject
Global
	GlobalSection(SolutionConfigurationPlatforms) = preSolution
		Debug|Any CPU = Debug|Any CPU
		Release|Any CPU = Release|Any CPU
	EndGlobalSection
	GlobalSection(ProjectConfigurationPlatforms) = postSolution
		{F22C0BC9-BB69-4428-BBC2-BD0346D84B9D}.Debug|Any CPU.ActiveCfg = Debug|Any CPU
		{F22C0BC9-BB69-4428-BBC2-BD0346D84B9D}.Debug|Any CPU.Build.0 = Debug|Any CPU
		{F22C0BC9-BB69-4428-BBC2-BD0346D84B9D}.Release|Any CPU.ActiveCfg = Release|Any CPU
		{F22C0BC9-BB69-4428-BBC2-BD0346D84B9D}.Release|Any CPU.Build.0 = Release|Any CPU
	EndGlobalSection
	GlobalSection(SolutionProperties) = preSolution
		HideSolutionNode = FALSE
	EndGlobalSection
	GlobalSection(ExtensibilityGlobals) = postSolution
		SolutionGuid = {1BEAB0EA-36D4-4E24-BB6A-F2126538CD9C}
	EndGlobalSection
EndGlobal
